{
  "name": "stripes-maker-react",
  "version": "1.0.0",
  "lockfileVersion": 3,
  "requires": true,
  "packages": {
    "": {
      "name": "stripes-maker-react",
      "version": "1.0.0",
      "license": "ISC",
      "dependencies": {
        "darkly": "^1.0.0"
      }
    },
    "node_modules/darkly": {
      "version": "1.0.0",
      "resolved": "https://registry.npmjs.org/darkly/-/darkly-1.0.0.tgz",
      "integrity": "sha512-G1zwubITr8XTHthVTM996NlSh9jvCap9zuMsZZ2yAfv0APnY8aCPLzhJ3nOqpjpj8PaNnb47pDPTh+fH1AsNHw=="
    }
  }
}
